// !$*UTF8*$!
{
	archiveVersion = 1;
	classes = {
	};
	objectVersion = 51;
	objects = {

/* Begin PBXBuildFile section */
		2A972F022648C70400389978 /* AppDelegate.swift in Sources */ = {isa = PBXBuildFile; fileRef = 2A972F012648C70400389978 /* AppDelegate.swift */; };
		2A972F042648C70400389978 /* SceneDelegate.swift in Sources */ = {isa = PBXBuildFile; fileRef = 2A972F032648C70400389978 /* SceneDelegate.swift */; };
		2A972F092648C70400389978 /* Main.storyboard in Resources */ = {isa = PBXBuildFile; fileRef = 2A972F072648C70400389978 /* Main.storyboard */; };
		2A972F0B2648C70500389978 /* Assets.xcassets in Resources */ = {isa = PBXBuildFile; fileRef = 2A972F0A2648C70500389978 /* Assets.xcassets */; };
		2A972F0E2648C70500389978 /* LaunchScreen.storyboard in Resources */ = {isa = PBXBuildFile; fileRef = 2A972F0C2648C70500389978 /* LaunchScreen.storyboard */; };
		2A972F202648D2A400389978 /* SearchViewController.swift in Sources */ = {isa = PBXBuildFile; fileRef = 2A972F1F2648D2A400389978 /* SearchViewController.swift */; };
		2A972F242648D46400389978 /* SearchViewModel.swift in Sources */ = {isa = PBXBuildFile; fileRef = 2A972F232648D46400389978 /* SearchViewModel.swift */; };
		2A972F422648D95200389978 /* Property.swift in Sources */ = {isa = PBXBuildFile; fileRef = 2A972F412648D95200389978 /* Property.swift */; };
		2A972F462648DB0300389978 /* Coordinator.swift in Sources */ = {isa = PBXBuildFile; fileRef = 2A972F452648DB0300389978 /* Coordinator.swift */; };
		2A972F4A2648DBE500389978 /* BaseCoordinator.swift in Sources */ = {isa = PBXBuildFile; fileRef = 2A972F492648DBE500389978 /* BaseCoordinator.swift */; };
		2A972F4D2648DC3E00389978 /* SearchCoordinator.swift in Sources */ = {isa = PBXBuildFile; fileRef = 2A972F4C2648DC3E00389978 /* SearchCoordinator.swift */; };
		2A972F512648DCB700389978 /* Storyboardable.swift in Sources */ = {isa = PBXBuildFile; fileRef = 2A972F502648DCB700389978 /* Storyboardable.swift */; };
		2A972F542648E1CE00389978 /* AppCoordinator.swift in Sources */ = {isa = PBXBuildFile; fileRef = 2A972F532648E1CE00389978 /* AppCoordinator.swift */; };
		2A972F572648FEC700389978 /* SearchCell.swift in Sources */ = {isa = PBXBuildFile; fileRef = 2A972F562648FEC700389978 /* SearchCell.swift */; };
		2A972F5B264908CC00389978 /* AirportAPI.swift in Sources */ = {isa = PBXBuildFile; fileRef = 2A972F5A264908CC00389978 /* AirportAPI.swift */; };
		2A972F5F264909A600389978 /* AirportModel.swift in Sources */ = {isa = PBXBuildFile; fileRef = 2A972F5E264909A600389978 /* AirportModel.swift */; };
		2A972F6226490B0200389978 /* AirportService.swift in Sources */ = {isa = PBXBuildFile; fileRef = 2A972F6126490B0200389978 /* AirportService.swift */; };
		85CAEE45C2ED38A9EFC6BBED /* Pods_Pi.framework in Frameworks */ = {isa = PBXBuildFile; fileRef = E9EE3B9AA94386CBA28D8FE4 /* Pods_Pi.framework */; };
/* End PBXBuildFile section */

/* Begin PBXFileReference section */
		2A972EFE2648C70400389978 /* Pi.app */ = {isa = PBXFileReference; explicitFileType = wrapper.application; includeInIndex = 0; path = Pi.app; sourceTree = BUILT_PRODUCTS_DIR; };
		2A972F012648C70400389978 /* AppDelegate.swift */ = {isa = PBXFileReference; lastKnownFileType = sourcecode.swift; path = AppDelegate.swift; sourceTree = "<group>"; };
		2A972F032648C70400389978 /* SceneDelegate.swift */ = {isa = PBXFileReference; lastKnownFileType = sourcecode.swift; path = SceneDelegate.swift; sourceTree = "<group>"; };
		2A972F082648C70400389978 /* Base */ = {isa = PBXFileReference; lastKnownFileType = file.storyboard; name = Base; path = Base.lproj/Main.storyboard; sourceTree = "<group>"; };
		2A972F0A2648C70500389978 /* Assets.xcassets */ = {isa = PBXFileReference; lastKnownFileType = folder.assetcatalog; path = Assets.xcassets; sourceTree = "<group>"; };
		2A972F0D2648C70500389978 /* Base */ = {isa = PBXFileReference; lastKnownFileType = file.storyboard; name = Base; path = Base.lproj/LaunchScreen.storyboard; sourceTree = "<group>"; };
		2A972F0F2648C70500389978 /* Info.plist */ = {isa = PBXFileReference; lastKnownFileType = text.plist.xml; path = Info.plist; sourceTree = "<group>"; };
		2A972F1F2648D2A400389978 /* SearchViewController.swift */ = {isa = PBXFileReference; lastKnownFileType = sourcecode.swift; path = SearchViewController.swift; sourceTree = "<group>"; };
		2A972F232648D46400389978 /* SearchViewModel.swift */ = {isa = PBXFileReference; lastKnownFileType = sourcecode.swift; path = SearchViewModel.swift; sourceTree = "<group>"; };
		2A972F412648D95200389978 /* Property.swift */ = {isa = PBXFileReference; lastKnownFileType = sourcecode.swift; path = Property.swift; sourceTree = "<group>"; };
		2A972F452648DB0300389978 /* Coordinator.swift */ = {isa = PBXFileReference; lastKnownFileType = sourcecode.swift; path = Coordinator.swift; sourceTree = "<group>"; };
		2A972F492648DBE500389978 /* BaseCoordinator.swift */ = {isa = PBXFileReference; lastKnownFileType = sourcecode.swift; path = BaseCoordinator.swift; sourceTree = "<group>"; };
		2A972F4C2648DC3E00389978 /* SearchCoordinator.swift */ = {isa = PBXFileReference; lastKnownFileType = sourcecode.swift; path = SearchCoordinator.swift; sourceTree = "<group>"; };
		2A972F502648DCB700389978 /* Storyboardable.swift */ = {isa = PBXFileReference; lastKnownFileType = sourcecode.swift; path = Storyboardable.swift; sourceTree = "<group>"; };
		2A972F532648E1CE00389978 /* AppCoordinator.swift */ = {isa = PBXFileReference; lastKnownFileType = sourcecode.swift; path = AppCoordinator.swift; sourceTree = "<group>"; };
		2A972F562648FEC700389978 /* SearchCell.swift */ = {isa = PBXFileReference; lastKnownFileType = sourcecode.swift; path = SearchCell.swift; sourceTree = "<group>"; };
		2A972F5A264908CC00389978 /* AirportAPI.swift */ = {isa = PBXFileReference; lastKnownFileType = sourcecode.swift; path = AirportAPI.swift; sourceTree = "<group>"; };
		2A972F5E264909A600389978 /* AirportModel.swift */ = {isa = PBXFileReference; lastKnownFileType = sourcecode.swift; path = AirportModel.swift; sourceTree = "<group>"; };
		2A972F6126490B0200389978 /* AirportService.swift */ = {isa = PBXFileReference; lastKnownFileType = sourcecode.swift; path = AirportService.swift; sourceTree = "<group>"; };
		2BB6730F840087C506647425 /* Pods-Pi.release.xcconfig */ = {isa = PBXFileReference; includeInIndex = 1; lastKnownFileType = text.xcconfig; name = "Pods-Pi.release.xcconfig"; path = "Target Support Files/Pods-Pi/Pods-Pi.release.xcconfig"; sourceTree = "<group>"; };
		E9EE3B9AA94386CBA28D8FE4 /* Pods_Pi.framework */ = {isa = PBXFileReference; explicitFileType = wrapper.framework; includeInIndex = 0; path = Pods_Pi.framework; sourceTree = BUILT_PRODUCTS_DIR; };
		F277D753BAC52C0C47A168EC /* Pods-Pi.debug.xcconfig */ = {isa = PBXFileReference; includeInIndex = 1; lastKnownFileType = text.xcconfig; name = "Pods-Pi.debug.xcconfig"; path = "Target Support Files/Pods-Pi/Pods-Pi.debug.xcconfig"; sourceTree = "<group>"; };
/* End PBXFileReference section */

/* Begin PBXFrameworksBuildPhase section */
		2A972EFB2648C70400389978 /* Frameworks */ = {
			isa = PBXFrameworksBuildPhase;
			buildActionMask = 2147483647;
			files = (
				85CAEE45C2ED38A9EFC6BBED /* Pods_Pi.framework in Frameworks */,
			);
			runOnlyForDeploymentPostprocessing = 0;
		};
/* End PBXFrameworksBuildPhase section */

/* Begin PBXGroup section */
		2A972EF52648C70400389978 = {
			isa = PBXGroup;
			children = (
				2A972F59264908B800389978 /* Service */,
				2A972F4F2648DCA600389978 /* Shared */,
				2A972F442648DAF300389978 /* Core */,
				2A972F002648C70400389978 /* Pi */,
				2A972EFF2648C70400389978 /* Products */,
				5C8A9EFEBE0B55F6D36B2405 /* Pods */,
				EB21D58873391EC02E0DE22B /* Frameworks */,
			);
			sourceTree = "<group>";
		};
		2A972EFF2648C70400389978 /* Products */ = {
			isa = PBXGroup;
			children = (
				2A972EFE2648C70400389978 /* Pi.app */,
			);
			name = Products;
			sourceTree = "<group>";
		};
		2A972F002648C70400389978 /* Pi */ = {
			isa = PBXGroup;
			children = (
				2A972F1E2648D27800389978 /* Search */,
				2A972F012648C70400389978 /* AppDelegate.swift */,
				2A972F032648C70400389978 /* SceneDelegate.swift */,
				2A972F072648C70400389978 /* Main.storyboard */,
				2A972F0A2648C70500389978 /* Assets.xcassets */,
				2A972F0C2648C70500389978 /* LaunchScreen.storyboard */,
				2A972F0F2648C70500389978 /* Info.plist */,
			);
			path = Pi;
			sourceTree = "<group>";
		};
		2A972F1E2648D27800389978 /* Search */ = {
			isa = PBXGroup;
			children = (
				2A972F1F2648D2A400389978 /* SearchViewController.swift */,
				2A972F5E264909A600389978 /* AirportModel.swift */,
				2A972F562648FEC700389978 /* SearchCell.swift */,
				2A972F4C2648DC3E00389978 /* SearchCoordinator.swift */,
				2A972F232648D46400389978 /* SearchViewModel.swift */,
			);
			path = Search;
			sourceTree = "<group>";
		};
		2A972F442648DAF300389978 /* Core */ = {
			isa = PBXGroup;
			children = (
				2A972F412648D95200389978 /* Property.swift */,
				2A972F532648E1CE00389978 /* AppCoordinator.swift */,
				2A972F452648DB0300389978 /* Coordinator.swift */,
				2A972F492648DBE500389978 /* BaseCoordinator.swift */,
			);
			path = Core;
			sourceTree = "<group>";
		};
		2A972F4F2648DCA600389978 /* Shared */ = {
			isa = PBXGroup;
			children = (
				2A972F502648DCB700389978 /* Storyboardable.swift */,
			);
			path = Shared;
			sourceTree = "<group>";
		};
		2A972F59264908B800389978 /* Service */ = {
			isa = PBXGroup;
			children = (
				2A972F5A264908CC00389978 /* AirportAPI.swift */,
				2A972F6126490B0200389978 /* AirportService.swift */,
			);
			path = Service;
			sourceTree = "<group>";
		};
		5C8A9EFEBE0B55F6D36B2405 /* Pods */ = {
			isa = PBXGroup;
			children = (
				F277D753BAC52C0C47A168EC /* Pods-Pi.debug.xcconfig */,
				2BB6730F840087C506647425 /* Pods-Pi.release.xcconfig */,
			);
			path = Pods;
			sourceTree = "<group>";
		};
		EB21D58873391EC02E0DE22B /* Frameworks */ = {
			isa = PBXGroup;
			children = (
				E9EE3B9AA94386CBA28D8FE4 /* Pods_Pi.framework */,
			);
			name = Frameworks;
			sourceTree = "<group>";
		};
/* End PBXGroup section */

/* Begin PBXNativeTarget section */
		2A972EFD2648C70400389978 /* Pi */ = {
			isa = PBXNativeTarget;
			buildConfigurationList = 2A972F122648C70500389978 /* Build configuration list for PBXNativeTarget "Pi" */;
			buildPhases = (
				730A17ABF1E9C96BB770092C /* [CP] Check Pods Manifest.lock */,
				2A972EFA2648C70400389978 /* Sources */,
				2A972EFB2648C70400389978 /* Frameworks */,
				2A972EFC2648C70400389978 /* Resources */,
				3DD4783746AB340C7831CF2A /* [CP] Embed Pods Frameworks */,
			);
			buildRules = (
			);
			dependencies = (
			);
			name = Pi;
			productName = Pi;
			productReference = 2A972EFE2648C70400389978 /* Pi.app */;
			productType = "com.apple.product-type.application";
		};
/* End PBXNativeTarget section */

/* Begin PBXProject section */
		2A972EF62648C70400389978 /* Project object */ = {
			isa = PBXProject;
			attributes = {
				LastSwiftUpdateCheck = 1230;
				LastUpgradeCheck = 1230;
				TargetAttributes = {
					2A972EFD2648C70400389978 = {
						CreatedOnToolsVersion = 12.3;
					};
				};
			};
			buildConfigurationList = 2A972EF92648C70400389978 /* Build configuration list for PBXProject "Pi" */;
			compatibilityVersion = "Xcode 9.3";
			developmentRegion = en;
			hasScannedForEncodings = 0;
			knownRegions = (
				en,
				Base,
			);
			mainGroup = 2A972EF52648C70400389978;
			productRefGroup = 2A972EFF2648C70400389978 /* Products */;
			projectDirPath = "";
			projectRoot = "";
			targets = (
				2A972EFD2648C70400389978 /* Pi */,
			);
		};
/* End PBXProject section */

/* Begin PBXResourcesBuildPhase section */
		2A972EFC2648C70400389978 /* Resources */ = {
			isa = PBXResourcesBuildPhase;
			buildActionMask = 2147483647;
			files = (
				2A972F0E2648C70500389978 /* LaunchScreen.storyboard in Resources */,
				2A972F0B2648C70500389978 /* Assets.xcassets in Resources */,
				2A972F092648C70400389978 /* Main.storyboard in Resources */,
			);
			runOnlyForDeploymentPostprocessing = 0;
		};
/* End PBXResourcesBuildPhase section */

/* Begin PBXShellScriptBuildPhase section */
		3DD4783746AB340C7831CF2A /* [CP] Embed Pods Frameworks */ = {
			isa = PBXShellScriptBuildPhase;
			buildActionMask = 2147483647;
			files = (
			);
			inputFileListPaths = (
				"${PODS_ROOT}/Target Support Files/Pods-Pi/Pods-Pi-frameworks-${CONFIGURATION}-input-files.xcfilelist",
			);
			name = "[CP] Embed Pods Frameworks";
			outputFileListPaths = (
				"${PODS_ROOT}/Target Support Files/Pods-Pi/Pods-Pi-frameworks-${CONFIGURATION}-output-files.xcfilelist",
			);
			runOnlyForDeploymentPostprocessing = 0;
			shellPath = /bin/sh;
			shellScript = "\"${PODS_ROOT}/Target Support Files/Pods-Pi/Pods-Pi-frameworks.sh\"\n";
			showEnvVarsInLog = 0;
		};
		730A17ABF1E9C96BB770092C /* [CP] Check Pods Manifest.lock */ = {
			isa = PBXShellScriptBuildPhase;
			buildActionMask = 2147483647;
			files = (
			);
			inputFileListPaths = (
			);
			inputPaths = (
				"${PODS_PODFILE_DIR_PATH}/Podfile.lock",
				"${PODS_ROOT}/Manifest.lock",
			);
			name = "[CP] Check Pods Manifest.lock";
			outputFileListPaths = (
			);
			outputPaths = (
				"$(DERIVED_FILE_DIR)/Pods-Pi-checkManifestLockResult.txt",
			);
			runOnlyForDeploymentPostprocessing = 0;
			shellPath = /bin/sh;
			shellScript = "diff \"${PODS_PODFILE_DIR_PATH}/Podfile.lock\" \"${PODS_ROOT}/Manifest.lock\" > /dev/null\nif [ $? != 0 ] ; then\n    # print error to STDERR\n    echo \"error: The sandbox is not in sync with the Podfile.lock. Run 'pod install' or update your CocoaPods installation.\" >&2\n    exit 1\nfi\n# This output is used by Xcode 'outputs' to avoid re-running this script phase.\necho \"SUCCESS\" > \"${SCRIPT_OUTPUT_FILE_0}\"\n";
			showEnvVarsInLog = 0;
		};
/* End PBXShellScriptBuildPhase section */

/* Begin PBXSourcesBuildPhase section */
		2A972EFA2648C70400389978 /* Sources */ = {
			isa = PBXSourcesBuildPhase;
			buildActionMask = 2147483647;
			files = (
				2A972F422648D95200389978 /* Property.swift in Sources */,
				2A972F572648FEC700389978 /* SearchCell.swift in Sources */,
				2A972F022648C70400389978 /* AppDelegate.swift in Sources */,
				2A972F542648E1CE00389978 /* AppCoordinator.swift in Sources */,
				2A972F462648DB0300389978 /* Coordinator.swift in Sources */,
				2A972F202648D2A400389978 /* SearchViewController.swift in Sources */,
				2A972F4D2648DC3E00389978 /* SearchCoordinator.swift in Sources */,
				2A972F4A2648DBE500389978 /* BaseCoordinator.swift in Sources */,
				2A972F242648D46400389978 /* SearchViewModel.swift in Sources */,
				2A972F512648DCB700389978 /* Storyboardable.swift in Sources */,
				2A972F5B264908CC00389978 /* AirportAPI.swift in Sources */,
				2A972F5F264909A600389978 /* AirportModel.swift in Sources */,
				2A972F042648C70400389978 /* SceneDelegate.swift in Sources */,
				2A972F6226490B0200389978 /* AirportService.swift in Sources */,
			);
			runOnlyForDeploymentPostprocessing = 0;
		};
/* End PBXSourcesBuildPhase section */

/* Begin PBXVariantGroup section */
		2A972F072648C70400389978 /* Main.storyboard */ = {
			isa = PBXVariantGroup;
			children = (
				2A972F082648C70400389978 /* Base */,
			);
			name = Main.storyboard;
			sourceTree = "<group>";
		};
		2A972F0C2648C70500389978 /* LaunchScreen.storyboard */ = {
			isa = PBXVariantGroup;
			children = (
				2A972F0D2648C70500389978 /* Base */,
			);
			name = LaunchScreen.storyboard;
			sourceTree = "<group>";
		};
/* End PBXVariantGroup section */

/* Begin XCBuildConfiguration section */
		2A972F102648C70500389978 /* Debug */ = {
			isa = XCBuildConfiguration;
			buildSettings = {
				ALWAYS_SEARCH_USER_PATHS = NO;
				CLANG_ANALYZER_NONNULL = YES;
				CLANG_ANALYZER_NUMBER_OBJECT_CONVERSION = YES_AGGRESSIVE;
				CLANG_CXX_LANGUAGE_STANDARD = "gnu++14";
				CLANG_CXX_LIBRARY = "libc++";
				CLANG_ENABLE_MODULES = YES;
				CLANG_ENABLE_OBJC_ARC = YES;
				CLANG_ENABLE_OBJC_WEAK = YES;
				CLANG_WARN_BLOCK_CAPTURE_AUTORELEASING = YES;
				CLANG_WARN_BOOL_CONVERSION = YES;
				CLANG_WARN_COMMA = YES;
				CLANG_WARN_CONSTANT_CONVERSION = YES;
				CLANG_WARN_DEPRECATED_OBJC_IMPLEMENTATIONS = YES;
				CLANG_WARN_DIRECT_OBJC_ISA_USAGE = YES_ERROR;
				CLANG_WARN_DOCUMENTATION_COMMENTS = YES;
				CLANG_WARN_EMPTY_BODY = YES;
				CLANG_WARN_ENUM_CONVERSION = YES;
				CLANG_WARN_INFINITE_RECURSION = YES;
				CLANG_WARN_INT_CONVERSION = YES;
				CLANG_WARN_NON_LITERAL_NULL_CONVERSION = YES;
				CLANG_WARN_OBJC_IMPLICIT_RETAIN_SELF = YES;
				CLANG_WARN_OBJC_LITERAL_CONVERSION = YES;
				CLANG_WARN_OBJC_ROOT_CLASS = YES_ERROR;
				CLANG_WARN_QUOTED_INCLUDE_IN_FRAMEWORK_HEADER = YES;
				CLANG_WARN_RANGE_LOOP_ANALYSIS = YES;
				CLANG_WARN_STRICT_PROTOTYPES = YES;
				CLANG_WARN_SUSPICIOUS_MOVE = YES;
				CLANG_WARN_UNGUARDED_AVAILABILITY = YES_AGGRESSIVE;
				CLANG_WARN_UNREACHABLE_CODE = YES;
				CLANG_WARN__DUPLICATE_METHOD_MATCH = YES;
				COPY_PHASE_STRIP = NO;
				DEBUG_INFORMATION_FORMAT = dwarf;
				ENABLE_STRICT_OBJC_MSGSEND = YES;
				ENABLE_TESTABILITY = YES;
				GCC_C_LANGUAGE_STANDARD = gnu11;
				GCC_DYNAMIC_NO_PIC = NO;
				GCC_NO_COMMON_BLOCKS = YES;
				GCC_OPTIMIZATION_LEVEL = 0;
				GCC_PREPROCESSOR_DEFINITIONS = (
					"DEBUG=1",
					"$(inherited)",
				);
				GCC_WARN_64_TO_32_BIT_CONVERSION = YES;
				GCC_WARN_ABOUT_RETURN_TYPE = YES_ERROR;
				GCC_WARN_UNDECLARED_SELECTOR = YES;
				GCC_WARN_UNINITIALIZED_AUTOS = YES_AGGRESSIVE;
				GCC_WARN_UNUSED_FUNCTION = YES;
				GCC_WARN_UNUSED_VARIABLE = YES;
				IPHONEOS_DEPLOYMENT_TARGET = 14.3;
				MTL_ENABLE_DEBUG_INFO = INCLUDE_SOURCE;
				MTL_FAST_MATH = YES;
				ONLY_ACTIVE_ARCH = YES;
				SDKROOT = iphoneos;
				SWIFT_ACTIVE_COMPILATION_CONDITIONS = DEBUG;
				SWIFT_OPTIMIZATION_LEVEL = "-Onone";
			};
			name = Debug;
		};
		2A972F112648C70500389978 /* Release */ = {
			isa = XCBuildConfiguration;
			buildSettings = {
				ALWAYS_SEARCH_USER_PATHS = NO;
				CLANG_ANALYZER_NONNULL = YES;
				CLANG_ANALYZER_NUMBER_OBJECT_CONVERSION = YES_AGGRESSIVE;
				CLANG_CXX_LANGUAGE_STANDARD = "gnu++14";
				CLANG_CXX_LIBRARY = "libc++";
				CLANG_ENABLE_MODULES = YES;
				CLANG_ENABLE_OBJC_ARC = YES;
				CLANG_ENABLE_OBJC_WEAK = YES;
				CLANG_WARN_BLOCK_CAPTURE_AUTORELEASING = YES;
				CLANG_WARN_BOOL_CONVERSION = YES;
				CLANG_WARN_COMMA = YES;
				CLANG_WARN_CONSTANT_CONVERSION = YES;
				CLANG_WARN_DEPRECATED_OBJC_IMPLEMENTATIONS = YES;
				CLANG_WARN_DIRECT_OBJC_ISA_USAGE = YES_ERROR;
				CLANG_WARN_DOCUMENTATION_COMMENTS = YES;
				CLANG_WARN_EMPTY_BODY = YES;
				CLANG_WARN_ENUM_CONVERSION = YES;
				CLANG_WARN_INFINITE_RECURSION = YES;
				CLANG_WARN_INT_CONVERSION = YES;
				CLANG_WARN_NON_LITERAL_NULL_CONVERSION = YES;
				CLANG_WARN_OBJC_IMPLICIT_RETAIN_SELF = YES;
				CLANG_WARN_OBJC_LITERAL_CONVERSION = YES;
				CLANG_WARN_OBJC_ROOT_CLASS = YES_ERROR;
				CLANG_WARN_QUOTED_INCLUDE_IN_FRAMEWORK_HEADER = YES;
				CLANG_WARN_RANGE_LOOP_ANALYSIS = YES;
				CLANG_WARN_STRICT_PROTOTYPES = YES;
				CLANG_WARN_SUSPICIOUS_MOVE = YES;
				CLANG_WARN_UNGUARDED_AVAILABILITY = YES_AGGRESSIVE;
				CLANG_WARN_UNREACHABLE_CODE = YES;
				CLANG_WARN__DUPLICATE_METHOD_MATCH = YES;
				COPY_PHASE_STRIP = NO;
				DEBUG_INFORMATION_FORMAT = "dwarf-with-dsym";
				ENABLE_NS_ASSERTIONS = NO;
				ENABLE_STRICT_OBJC_MSGSEND = YES;
				GCC_C_LANGUAGE_STANDARD = gnu11;
				GCC_NO_COMMON_BLOCKS = YES;
				GCC_WARN_64_TO_32_BIT_CONVERSION = YES;
				GCC_WARN_ABOUT_RETURN_TYPE = YES_ERROR;
				GCC_WARN_UNDECLARED_SELECTOR = YES;
				GCC_WARN_UNINITIALIZED_AUTOS = YES_AGGRESSIVE;
				GCC_WARN_UNUSED_FUNCTION = YES;
				GCC_WARN_UNUSED_VARIABLE = YES;
				IPHONEOS_DEPLOYMENT_TARGET = 14.3;
				MTL_ENABLE_DEBUG_INFO = NO;
				MTL_FAST_MATH = YES;
				SDKROOT = iphoneos;
				SWIFT_COMPILATION_MODE = wholemodule;
				SWIFT_OPTIMIZATION_LEVEL = "-O";
				VALIDATE_PRODUCT = YES;
			};
			name = Release;
		};
		2A972F132648C70500389978 /* Debug */ = {
			isa = XCBuildConfiguration;
			baseConfigurationReference = F277D753BAC52C0C47A168EC /* Pods-Pi.debug.xcconfig */;
			buildSettings = {
				ASSETCATALOG_COMPILER_APPICON_NAME = AppIcon;
				ASSETCATALOG_COMPILER_GLOBAL_ACCENT_COLOR_NAME = AccentColor;
				CODE_SIGN_STYLE = Automatic;
				INFOPLIST_FILE = Pi/Info.plist;
				LD_RUNPATH_SEARCH_PATHS = (
					"$(inherited)",
					"@executable_path/Frameworks",
				);
				PRODUCT_BUNDLE_IDENTIFIER = tonyfree.Pi;
				PRODUCT_NAME = "$(TARGET_NAME)";
				SWIFT_VERSION = 5.0;
				TARGETED_DEVICE_FAMILY = "1,2";
			};
			name = Debug;
		};
		2A972F142648C70500389978 /* Release */ = {
			isa = XCBuildConfiguration;
			baseConfigurationReference = 2BB6730F840087C506647425 /* Pods-Pi.release.xcconfig */;
			buildSettings = {
				ASSETCATALOG_COMPILER_APPICON_NAME = AppIcon;
				ASSETCATALOG_COMPILER_GLOBAL_ACCENT_COLOR_NAME = AccentColor;
				CODE_SIGN_STYLE = Automatic;
				INFOPLIST_FILE = Pi/Info.plist;
				LD_RUNPATH_SEARCH_PATHS = (
					"$(inherited)",
					"@executable_path/Frameworks",
				);
				PRODUCT_BUNDLE_IDENTIFIER = tonyfree.Pi;
				PRODUCT_NAME = "$(TARGET_NAME)";
				SWIFT_VERSION = 5.0;
				TARGETED_DEVICE_FAMILY = "1,2";
			};
			name = Release;
		};
/* End XCBuildConfiguration section */

/* Begin XCConfigurationList section */
		2A972EF92648C70400389978 /* Build configuration list for PBXProject "Pi" */ = {
			isa = XCConfigurationList;
			buildConfigurations = (
				2A972F102648C70500389978 /* Debug */,
				2A972F112648C70500389978 /* Release */,
			);
			defaultConfigurationIsVisible = 0;
			defaultConfigurationName = Release;
		};
		2A972F122648C70500389978 /* Build configuration list for PBXNativeTarget "Pi" */ = {
			isa = XCConfigurationList;
			buildConfigurations = (
				2A972F132648C70500389978 /* Debug */,
				2A972F142648C70500389978 /* Release */,
			);
			defaultConfigurationIsVisible = 0;
			defaultConfigurationName = Release;
		};
/* End XCConfigurationList section */
	};
	rootObject = 2A972EF62648C70400389978 /* Project object */;
}
